
Microsoft Visual Studio Solution File, Format Version 12.00
# Visual Studio Version 17
VisualStudioVersion = 17.9.34622.214
MinimumVisualStudioVersion = 10.0.40219.1
Project("{9A19103F-16F7-4668-BE54-9A1E7A4F7556}") = "BlazorCam", "BlazorCam.csproj", "{99760529-6E87-451D-B150-DF35B7FE19BB}"
EndProject
Global
	GlobalSection(SolutionConfigurationPlatforms) = preSolution
		Debug|Any CPU = Debug|Any CPU
		Release|Any CPU = Release|Any CPU
	EndGlobalSection
	GlobalSection(ProjectConfigurationPlatforms) = postSolution
		{99760529-6E87-451D-B150-DF35B7FE19BB}.Debug|Any CPU.ActiveCfg = Debug|Any CPU
		{99760529-6E87-451D-B150-DF35B7FE19BB}.Debug|Any CPU.Build.0 = Debug|Any CPU
		{99760529-6E87-451D-B150-DF35B7FE19BB}.Release|Any CPU.ActiveCfg = Release|Any CPU
		{99760529-6E87-451D-B150-DF35B7FE19BB}.Release|Any CPU.Build.0 = Release|Any CPU
	EndGlobalSection
	GlobalSection(SolutionProperties) = preSolution
		HideSolutionNode = FALSE
	EndGlobalSection
	GlobalSection(ExtensibilityGlobals) = postSolution
		SolutionGuid = {A691311F-05C6-4E1F-9B8D-BB1DDBFB9E3E}
	EndGlobalSection
EndGlobal
